
Microsoft Visual Studio Solution File, Format Version 12.00
# Visual Studio Version 17
VisualStudioVersion = 17.9.34607.119
MinimumVisualStudioVersion = 10.0.40219.1
Project("{FAE04EC0-301F-11D3-BF4B-00C04F79EFBC}") = "tgbot", "tgbot\tgbot.csproj", "{3528089D-41B4-4F0C-B739-18E65CD7DF62}"
EndProject
Global
	GlobalSection(SolutionConfigurationPlatforms) = preSolution
		Debug|Any CPU = Debug|Any CPU
		Release|Any CPU = Release|Any CPU
	EndGlobalSection
	GlobalSection(ProjectConfigurationPlatforms) = postSolution
		{3528089D-41B4-4F0C-B739-18E65CD7DF62}.Debug|Any CPU.ActiveCfg = Debug|Any CPU
		{3528089D-41B4-4F0C-B739-18E65CD7DF62}.Debug|Any CPU.Build.0 = Debug|Any CPU
		{3528089D-41B4-4F0C-B739-18E65CD7DF62}.Release|Any CPU.ActiveCfg = Release|Any CPU
		{3528089D-41B4-4F0C-B739-18E65CD7DF62}.Release|Any CPU.Build.0 = Release|Any CPU
	EndGlobalSection
	GlobalSection(SolutionProperties) = preSolution
		HideSolutionNode = FALSE
	EndGlobalSection
	GlobalSection(ExtensibilityGlobals) = postSolution
		SolutionGuid = {6BA21DA6-4F87-4EC5-9DEE-AB865056E451}
	EndGlobalSection
EndGlobal
